
Microsoft Visual Studio Solution File, Format Version 12.00
# Visual Studio Version 16
VisualStudioVersion = 16.0.30128.74
MinimumVisualStudioVersion = 10.0.40219.1
Project("{FAE04EC0-301F-11D3-BF4B-00C04F79EFBC}") = "VT-Classe", "VT-Classe\VT-Classe.csproj", "{CFBCFE53-F9CB-4D74-808C-8564A1442E3F}"
EndProject
Project("{FAE04EC0-301F-11D3-BF4B-00C04F79EFBC}") = "VT-Grenade", "VT-Grenade\VT-Grenade.csproj", "{40BCB6EB-AFFF-471C-A0B1-8A4747FF59CB}"
EndProject
Project("{FAE04EC0-301F-11D3-BF4B-00C04F79EFBC}") = "VT-Escape", "VT-Escape\VT-Escape.csproj", "{123BECDE-89C1-45C8-91A3-ED5E1E0B4323}"
EndProject
Project("{FAE04EC0-301F-11D3-BF4B-00C04F79EFBC}") = "VT-Proget X", "VT-Proget X\VT-Proget X.csproj", "{6286F0B5-A50E-471F-B674-A5311A8EF0C2}"
EndProject
Project("{FAE04EC0-301F-11D3-BF4B-00C04F79EFBC}") = "Common Utiles", "Common Utils\Common Utiles.csproj", "{B1732CEB-3D38-4502-8B7F-8EEA5B3B842C}"
EndProject
Project("{FAE04EC0-301F-11D3-BF4B-00C04F79EFBC}") = "VT-079", "VT-079\VT-079.csproj", "{51168D7C-C3DD-4D3D-9048-BBAFED53C75B}"
EndProject
Project("{FAE04EC0-301F-11D3-BF4B-00C04F79EFBC}") = "VT-Keycard", "VT-Keycard\VT-Keycard.csproj", "{262902E7-1133-4BAC-A44B-D559A6EC57D6}"
EndProject
Project("{FAE04EC0-301F-11D3-BF4B-00C04F79EFBC}") = "VT-939", "VT-939\VT-939.csproj", "{0EE9869B-E2B5-425C-84D3-31008930E976}"
EndProject
Project("{FAE04EC0-301F-11D3-BF4B-00C04F79EFBC}") = "VT-Radio", "VT-Radio\VT-Radio.csproj", "{27CD1912-2921-4EF0-BD31-837350C4124D}"
EndProject
Project("{FAE04EC0-301F-11D3-BF4B-00C04F79EFBC}") = "VT-TrowIteam", "VT-TrowIteam\VT-TrowIteam.csproj", "{3B84F2DA-9C55-467E-8C3E-A8D1834FAA16}"
EndProject
Project("{FAE04EC0-301F-11D3-BF4B-00C04F79EFBC}") = "VT-Reférance", "VT-Reférance\VT-Reférance.csproj", "{EE471BD7-4DEF-465E-BD1D-555AB6D76E4D}"
EndProject
Project("{FAE04EC0-301F-11D3-BF4B-00C04F79EFBC}") = "VT-DevHelp", "VT-DevHelp\VT-DevHelp.csproj", "{6CBF80E7-EB8D-4242-902E-A0200F35FECB}"
EndProject
Project("{FAE04EC0-301F-11D3-BF4B-00C04F79EFBC}") = "CustomClass", "CustomClass201\CustomClass.csproj", "{D59F4B49-B4B6-404C-9803-7FEB3CC9012D}"
EndProject
Global
	GlobalSection(SolutionConfigurationPlatforms) = preSolution
		Debug|Any CPU = Debug|Any CPU
		Release|Any CPU = Release|Any CPU
	EndGlobalSection
	GlobalSection(ProjectConfigurationPlatforms) = postSolution
		{CFBCFE53-F9CB-4D74-808C-8564A1442E3F}.Debug|Any CPU.ActiveCfg = Debug|Any CPU
		{CFBCFE53-F9CB-4D74-808C-8564A1442E3F}.Debug|Any CPU.Build.0 = Debug|Any CPU
		{CFBCFE53-F9CB-4D74-808C-8564A1442E3F}.Release|Any CPU.ActiveCfg = Release|Any CPU
		{CFBCFE53-F9CB-4D74-808C-8564A1442E3F}.Release|Any CPU.Build.0 = Release|Any CPU
		{40BCB6EB-AFFF-471C-A0B1-8A4747FF59CB}.Debug|Any CPU.ActiveCfg = Debug|Any CPU
		{40BCB6EB-AFFF-471C-A0B1-8A4747FF59CB}.Debug|Any CPU.Build.0 = Debug|Any CPU
		{40BCB6EB-AFFF-471C-A0B1-8A4747FF59CB}.Release|Any CPU.ActiveCfg = Release|Any CPU
		{40BCB6EB-AFFF-471C-A0B1-8A4747FF59CB}.Release|Any CPU.Build.0 = Release|Any CPU
		{123BECDE-89C1-45C8-91A3-ED5E1E0B4323}.Debug|Any CPU.ActiveCfg = Debug|Any CPU
		{123BECDE-89C1-45C8-91A3-ED5E1E0B4323}.Debug|Any CPU.Build.0 = Debug|Any CPU
		{123BECDE-89C1-45C8-91A3-ED5E1E0B4323}.Release|Any CPU.ActiveCfg = Release|Any CPU
		{123BECDE-89C1-45C8-91A3-ED5E1E0B4323}.Release|Any CPU.Build.0 = Release|Any CPU
		{6286F0B5-A50E-471F-B674-A5311A8EF0C2}.Debug|Any CPU.ActiveCfg = Debug|Any CPU
		{6286F0B5-A50E-471F-B674-A5311A8EF0C2}.Debug|Any CPU.Build.0 = Debug|Any CPU
		{6286F0B5-A50E-471F-B674-A5311A8EF0C2}.Release|Any CPU.ActiveCfg = Release|Any CPU
		{6286F0B5-A50E-471F-B674-A5311A8EF0C2}.Release|Any CPU.Build.0 = Release|Any CPU
		{B1732CEB-3D38-4502-8B7F-8EEA5B3B842C}.Debug|Any CPU.ActiveCfg = Debug|Any CPU
		{B1732CEB-3D38-4502-8B7F-8EEA5B3B842C}.Debug|Any CPU.Build.0 = Debug|Any CPU
		{B1732CEB-3D38-4502-8B7F-8EEA5B3B842C}.Release|Any CPU.ActiveCfg = Release|Any CPU
		{B1732CEB-3D38-4502-8B7F-8EEA5B3B842C}.Release|Any CPU.Build.0 = Release|Any CPU
		{51168D7C-C3DD-4D3D-9048-BBAFED53C75B}.Debug|Any CPU.ActiveCfg = Debug|Any CPU
		{51168D7C-C3DD-4D3D-9048-BBAFED53C75B}.Debug|Any CPU.Build.0 = Debug|Any CPU
		{51168D7C-C3DD-4D3D-9048-BBAFED53C75B}.Release|Any CPU.ActiveCfg = Release|Any CPU
		{51168D7C-C3DD-4D3D-9048-BBAFED53C75B}.Release|Any CPU.Build.0 = Release|Any CPU
		{262902E7-1133-4BAC-A44B-D559A6EC57D6}.Debug|Any CPU.ActiveCfg = Debug|Any CPU
		{262902E7-1133-4BAC-A44B-D559A6EC57D6}.Debug|Any CPU.Build.0 = Debug|Any CPU
		{262902E7-1133-4BAC-A44B-D559A6EC57D6}.Release|Any CPU.ActiveCfg = Release|Any CPU
		{262902E7-1133-4BAC-A44B-D559A6EC57D6}.Release|Any CPU.Build.0 = Release|Any CPU
		{0EE9869B-E2B5-425C-84D3-31008930E976}.Debug|Any CPU.ActiveCfg = Debug|Any CPU
		{0EE9869B-E2B5-425C-84D3-31008930E976}.Debug|Any CPU.Build.0 = Debug|Any CPU
		{0EE9869B-E2B5-425C-84D3-31008930E976}.Release|Any CPU.ActiveCfg = Release|Any CPU
		{0EE9869B-E2B5-425C-84D3-31008930E976}.Release|Any CPU.Build.0 = Release|Any CPU
		{27CD1912-2921-4EF0-BD31-837350C4124D}.Debug|Any CPU.ActiveCfg = Debug|Any CPU
		{27CD1912-2921-4EF0-BD31-837350C4124D}.Debug|Any CPU.Build.0 = Debug|Any CPU
		{27CD1912-2921-4EF0-BD31-837350C4124D}.Release|Any CPU.ActiveCfg = Release|Any CPU
		{27CD1912-2921-4EF0-BD31-837350C4124D}.Release|Any CPU.Build.0 = Release|Any CPU
		{3B84F2DA-9C55-467E-8C3E-A8D1834FAA16}.Debug|Any CPU.ActiveCfg = Debug|Any CPU
		{3B84F2DA-9C55-467E-8C3E-A8D1834FAA16}.Debug|Any CPU.Build.0 = Debug|Any CPU
		{3B84F2DA-9C55-467E-8C3E-A8D1834FAA16}.Release|Any CPU.ActiveCfg = Release|Any CPU
		{3B84F2DA-9C55-467E-8C3E-A8D1834FAA16}.Release|Any CPU.Build.0 = Release|Any CPU
		{EE471BD7-4DEF-465E-BD1D-555AB6D76E4D}.Debug|Any CPU.ActiveCfg = Debug|Any CPU
		{EE471BD7-4DEF-465E-BD1D-555AB6D76E4D}.Debug|Any CPU.Build.0 = Debug|Any CPU
		{EE471BD7-4DEF-465E-BD1D-555AB6D76E4D}.Release|Any CPU.ActiveCfg = Release|Any CPU
		{EE471BD7-4DEF-465E-BD1D-555AB6D76E4D}.Release|Any CPU.Build.0 = Release|Any CPU
		{6CBF80E7-EB8D-4242-902E-A0200F35FECB}.Debug|Any CPU.ActiveCfg = Debug|Any CPU
		{6CBF80E7-EB8D-4242-902E-A0200F35FECB}.Debug|Any CPU.Build.0 = Debug|Any CPU
		{6CBF80E7-EB8D-4242-902E-A0200F35FECB}.Release|Any CPU.ActiveCfg = Release|Any CPU
		{6CBF80E7-EB8D-4242-902E-A0200F35FECB}.Release|Any CPU.Build.0 = Release|Any CPU
		{D59F4B49-B4B6-404C-9803-7FEB3CC9012D}.Debug|Any CPU.ActiveCfg = Debug|Any CPU
		{D59F4B49-B4B6-404C-9803-7FEB3CC9012D}.Debug|Any CPU.Build.0 = Debug|Any CPU
		{D59F4B49-B4B6-404C-9803-7FEB3CC9012D}.Release|Any CPU.ActiveCfg = Release|Any CPU
		{D59F4B49-B4B6-404C-9803-7FEB3CC9012D}.Release|Any CPU.Build.0 = Release|Any CPU
	EndGlobalSection
	GlobalSection(SolutionProperties) = preSolution
		HideSolutionNode = FALSE
	EndGlobalSection
	GlobalSection(ExtensibilityGlobals) = postSolution
		SolutionGuid = {D00CBACF-351B-4D72-93DD-72B9494B31B5}
	EndGlobalSection
EndGlobal
