
Microsoft Visual Studio Solution File, Format Version 12.00
# Visual Studio Version 16
VisualStudioVersion = 16.0.30128.74
MinimumVisualStudioVersion = 10.0.40219.1
Project("{FAE04EC0-301F-11D3-BF4B-00C04F79EFBC}") = "VT-Grenade", "VT-Grenade\VT-Grenade.csproj", "{40BCB6EB-AFFF-471C-A0B1-8A4747FF59CB}"
EndProject
Project("{FAE04EC0-301F-11D3-BF4B-00C04F79EFBC}") = "VT-Escape", "VT-Escape\VT-Escape.csproj", "{123BECDE-89C1-45C8-91A3-ED5E1E0B4323}"
EndProject
Project("{FAE04EC0-301F-11D3-BF4B-00C04F79EFBC}") = "VT-Proget X", "VT-Proget X\VT-Proget X.csproj", "{6286F0B5-A50E-471F-B674-A5311A8EF0C2}"
EndProject
Project("{FAE04EC0-301F-11D3-BF4B-00C04F79EFBC}") = "Common Utiles", "Common Utils\Common Utiles.csproj", "{B1732CEB-3D38-4502-8B7F-8EEA5B3B842C}"
EndProject
Project("{FAE04EC0-301F-11D3-BF4B-00C04F79EFBC}") = "VT-079", "VT-079\VT-079.csproj", "{51168D7C-C3DD-4D3D-9048-BBAFED53C75B}"
EndProject
Project("{FAE04EC0-301F-11D3-BF4B-00C04F79EFBC}") = "VT-Keycard", "VT-Keycard\VT-Keycard.csproj", "{262902E7-1133-4BAC-A44B-D559A6EC57D6}"
EndProject
Project("{FAE04EC0-301F-11D3-BF4B-00C04F79EFBC}") = "VT-939", "VT-939\VT-939.csproj", "{0EE9869B-E2B5-425C-84D3-31008930E976}"
EndProject
Project("{FAE04EC0-301F-11D3-BF4B-00C04F79EFBC}") = "VT-Radio", "VT-Radio\VT-Radio.csproj", "{27CD1912-2921-4EF0-BD31-837350C4124D}"
EndProject
Project("{FAE04EC0-301F-11D3-BF4B-00C04F79EFBC}") = "VT-TrowIteam", "VT-TrowIteam\VT-TrowIteam.csproj", "{3B84F2DA-9C55-467E-8C3E-A8D1834FAA16}"
EndProject
Project("{FAE04EC0-301F-11D3-BF4B-00C04F79EFBC}") = "VT-Referance", "VT-Reférance\VT-Referance.csproj", "{EE471BD7-4DEF-465E-BD1D-555AB6D76E4D}"
EndProject
Project("{FAE04EC0-301F-11D3-BF4B-00C04F79EFBC}") = "VT-DevHelp", "VT-DevHelp\VT-DevHelp.csproj", "{6CBF80E7-EB8D-4242-902E-A0200F35FECB}"
EndProject
Project("{FAE04EC0-301F-11D3-BF4B-00C04F79EFBC}") = "ReferenceAll", "C:\Users\valentin\Desktop\VT\ReferenceAll\ReferenceAll.csproj", "{87A8366E-668A-4F4E-8549-BECA29CCA361}"
EndProject
Project("{FAE04EC0-301F-11D3-BF4B-00C04F79EFBC}") = "VT-AndersonRobotic", "VT-AndersonRobotic\VT-AndersonRobotic.csproj", "{1FA72379-8047-4104-8EA2-AAB1ADDF653E}"
EndProject
Project("{FAE04EC0-301F-11D3-BF4B-00C04F79EFBC}") = "VT-079Command", "VT-079Command\VT-079Command.csproj", "{959A6FF7-CC24-4672-8AB5-4E8C493D8C4A}"
EndProject
Project("{FAE04EC0-301F-11D3-BF4B-00C04F79EFBC}") = "VT-U2I", "VT-U2I\VT-U2I.csproj", "{A49FF910-8AE1-42F0-8041-EA81B41A8F7C}"
EndProject
Project("{FAE04EC0-301F-11D3-BF4B-00C04F79EFBC}") = "VT-Door", "VT-Door\VT-Door.csproj", "{AF1E2434-CD61-4B61-856F-34F88D2FB807}"
EndProject
Project("{FAE04EC0-301F-11D3-BF4B-00C04F79EFBC}") = "VT-Alpha-1", "VT-Alfa-1\VT-Alpha-1.csproj", "{83FCB8C4-EF9B-4831-A2D8-A7FB00EF423B}"
EndProject
Project("{FAE04EC0-301F-11D3-BF4B-00C04F79EFBC}") = "VT-handcuff", "VT-handcuff\VT-handcuff.csproj", "{71880588-2D2D-45E3-AE35-9189938C77DE}"
EndProject
Project("{FAE04EC0-301F-11D3-BF4B-00C04F79EFBC}") = "VT-HammerDown", "VT-HammerDown\VT-HammerDown.csproj", "{3B7AC132-BAFC-432B-A8D2-20E26FB46018}"
EndProject
Project("{FAE04EC0-301F-11D3-BF4B-00C04F79EFBC}") = "VT-CustomClass", "VT-CustomClass\VT-CustomClass.csproj", "{D59F4B49-B4B6-404C-9803-7FEB3CC9012D}"
EndProject
Project("{FAE04EC0-301F-11D3-BF4B-00C04F79EFBC}") = "VT-Item", "VT-Item\VT-Item.csproj", "{7415304B-AAA1-4728-8C81-31DCD1FC4640}"
EndProject
Project("{FAE04EC0-301F-11D3-BF4B-00C04F79EFBC}") = "VT-PNJ", "VT-PNG\VT-PNJ.csproj", "{2E012409-B70D-4331-B6CC-FC00A765CC66}"
EndProject
Project("{FAE04EC0-301F-11D3-BF4B-00C04F79EFBC}") = "VT-RpSCP", "VT-RpSCP\VT-RpSCP.csproj", "{2960B150-9396-4CA4-9CB7-ED909A89580E}"
EndProject
Project("{FAE04EC0-301F-11D3-BF4B-00C04F79EFBC}") = "VT-Log", "VT-log\VT-Log.csproj", "{7FBF2270-08C9-4D3F-87F0-827838703C6E}"
EndProject
Project("{FAE04EC0-301F-11D3-BF4B-00C04F79EFBC}") = "VT-Synapsesl-Exiled", "VT-Synapsesl-Exiled\VT-Synapsesl-Exiled.csproj", "{ADA97A09-49F5-433A-AC17-389C0A1EB5E0}"
EndProject
Global
	GlobalSection(SolutionConfigurationPlatforms) = preSolution
		Debug|Any CPU = Debug|Any CPU
		Release|Any CPU = Release|Any CPU
	EndGlobalSection
	GlobalSection(ProjectConfigurationPlatforms) = postSolution
		{40BCB6EB-AFFF-471C-A0B1-8A4747FF59CB}.Debug|Any CPU.ActiveCfg = Debug|Any CPU
		{40BCB6EB-AFFF-471C-A0B1-8A4747FF59CB}.Debug|Any CPU.Build.0 = Debug|Any CPU
		{40BCB6EB-AFFF-471C-A0B1-8A4747FF59CB}.Release|Any CPU.ActiveCfg = Release|Any CPU
		{40BCB6EB-AFFF-471C-A0B1-8A4747FF59CB}.Release|Any CPU.Build.0 = Release|Any CPU
		{123BECDE-89C1-45C8-91A3-ED5E1E0B4323}.Debug|Any CPU.ActiveCfg = Debug|Any CPU
		{123BECDE-89C1-45C8-91A3-ED5E1E0B4323}.Debug|Any CPU.Build.0 = Debug|Any CPU
		{123BECDE-89C1-45C8-91A3-ED5E1E0B4323}.Release|Any CPU.ActiveCfg = Release|Any CPU
		{123BECDE-89C1-45C8-91A3-ED5E1E0B4323}.Release|Any CPU.Build.0 = Release|Any CPU
		{6286F0B5-A50E-471F-B674-A5311A8EF0C2}.Debug|Any CPU.ActiveCfg = Debug|Any CPU
		{6286F0B5-A50E-471F-B674-A5311A8EF0C2}.Debug|Any CPU.Build.0 = Debug|Any CPU
		{6286F0B5-A50E-471F-B674-A5311A8EF0C2}.Release|Any CPU.ActiveCfg = Release|Any CPU
		{6286F0B5-A50E-471F-B674-A5311A8EF0C2}.Release|Any CPU.Build.0 = Release|Any CPU
		{B1732CEB-3D38-4502-8B7F-8EEA5B3B842C}.Debug|Any CPU.ActiveCfg = Debug|Any CPU
		{B1732CEB-3D38-4502-8B7F-8EEA5B3B842C}.Debug|Any CPU.Build.0 = Debug|Any CPU
		{B1732CEB-3D38-4502-8B7F-8EEA5B3B842C}.Release|Any CPU.ActiveCfg = Release|Any CPU
		{B1732CEB-3D38-4502-8B7F-8EEA5B3B842C}.Release|Any CPU.Build.0 = Release|Any CPU
		{51168D7C-C3DD-4D3D-9048-BBAFED53C75B}.Debug|Any CPU.ActiveCfg = Debug|Any CPU
		{51168D7C-C3DD-4D3D-9048-BBAFED53C75B}.Debug|Any CPU.Build.0 = Debug|Any CPU
		{51168D7C-C3DD-4D3D-9048-BBAFED53C75B}.Release|Any CPU.ActiveCfg = Release|Any CPU
		{51168D7C-C3DD-4D3D-9048-BBAFED53C75B}.Release|Any CPU.Build.0 = Release|Any CPU
		{262902E7-1133-4BAC-A44B-D559A6EC57D6}.Debug|Any CPU.ActiveCfg = Debug|Any CPU
		{262902E7-1133-4BAC-A44B-D559A6EC57D6}.Debug|Any CPU.Build.0 = Debug|Any CPU
		{262902E7-1133-4BAC-A44B-D559A6EC57D6}.Release|Any CPU.ActiveCfg = Release|Any CPU
		{262902E7-1133-4BAC-A44B-D559A6EC57D6}.Release|Any CPU.Build.0 = Release|Any CPU
		{0EE9869B-E2B5-425C-84D3-31008930E976}.Debug|Any CPU.ActiveCfg = Debug|Any CPU
		{0EE9869B-E2B5-425C-84D3-31008930E976}.Debug|Any CPU.Build.0 = Debug|Any CPU
		{0EE9869B-E2B5-425C-84D3-31008930E976}.Release|Any CPU.ActiveCfg = Release|Any CPU
		{0EE9869B-E2B5-425C-84D3-31008930E976}.Release|Any CPU.Build.0 = Release|Any CPU
		{27CD1912-2921-4EF0-BD31-837350C4124D}.Debug|Any CPU.ActiveCfg = Debug|Any CPU
		{27CD1912-2921-4EF0-BD31-837350C4124D}.Debug|Any CPU.Build.0 = Debug|Any CPU
		{27CD1912-2921-4EF0-BD31-837350C4124D}.Release|Any CPU.ActiveCfg = Release|Any CPU
		{27CD1912-2921-4EF0-BD31-837350C4124D}.Release|Any CPU.Build.0 = Release|Any CPU
		{3B84F2DA-9C55-467E-8C3E-A8D1834FAA16}.Debug|Any CPU.ActiveCfg = Debug|Any CPU
		{3B84F2DA-9C55-467E-8C3E-A8D1834FAA16}.Debug|Any CPU.Build.0 = Debug|Any CPU
		{3B84F2DA-9C55-467E-8C3E-A8D1834FAA16}.Release|Any CPU.ActiveCfg = Release|Any CPU
		{3B84F2DA-9C55-467E-8C3E-A8D1834FAA16}.Release|Any CPU.Build.0 = Release|Any CPU
		{EE471BD7-4DEF-465E-BD1D-555AB6D76E4D}.Debug|Any CPU.ActiveCfg = Debug|Any CPU
		{EE471BD7-4DEF-465E-BD1D-555AB6D76E4D}.Debug|Any CPU.Build.0 = Debug|Any CPU
		{EE471BD7-4DEF-465E-BD1D-555AB6D76E4D}.Release|Any CPU.ActiveCfg = Release|Any CPU
		{EE471BD7-4DEF-465E-BD1D-555AB6D76E4D}.Release|Any CPU.Build.0 = Release|Any CPU
		{6CBF80E7-EB8D-4242-902E-A0200F35FECB}.Debug|Any CPU.ActiveCfg = Debug|Any CPU
		{6CBF80E7-EB8D-4242-902E-A0200F35FECB}.Debug|Any CPU.Build.0 = Debug|Any CPU
		{6CBF80E7-EB8D-4242-902E-A0200F35FECB}.Release|Any CPU.ActiveCfg = Release|Any CPU
		{6CBF80E7-EB8D-4242-902E-A0200F35FECB}.Release|Any CPU.Build.0 = Release|Any CPU
		{87A8366E-668A-4F4E-8549-BECA29CCA361}.Debug|Any CPU.ActiveCfg = Debug|Any CPU
		{87A8366E-668A-4F4E-8549-BECA29CCA361}.Debug|Any CPU.Build.0 = Debug|Any CPU
		{87A8366E-668A-4F4E-8549-BECA29CCA361}.Release|Any CPU.ActiveCfg = Release|Any CPU
		{87A8366E-668A-4F4E-8549-BECA29CCA361}.Release|Any CPU.Build.0 = Release|Any CPU
		{1FA72379-8047-4104-8EA2-AAB1ADDF653E}.Debug|Any CPU.ActiveCfg = Debug|Any CPU
		{1FA72379-8047-4104-8EA2-AAB1ADDF653E}.Debug|Any CPU.Build.0 = Debug|Any CPU
		{1FA72379-8047-4104-8EA2-AAB1ADDF653E}.Release|Any CPU.ActiveCfg = Release|Any CPU
		{1FA72379-8047-4104-8EA2-AAB1ADDF653E}.Release|Any CPU.Build.0 = Release|Any CPU
		{959A6FF7-CC24-4672-8AB5-4E8C493D8C4A}.Debug|Any CPU.ActiveCfg = Debug|Any CPU
		{959A6FF7-CC24-4672-8AB5-4E8C493D8C4A}.Debug|Any CPU.Build.0 = Debug|Any CPU
		{959A6FF7-CC24-4672-8AB5-4E8C493D8C4A}.Release|Any CPU.ActiveCfg = Release|Any CPU
		{959A6FF7-CC24-4672-8AB5-4E8C493D8C4A}.Release|Any CPU.Build.0 = Release|Any CPU
		{A49FF910-8AE1-42F0-8041-EA81B41A8F7C}.Debug|Any CPU.ActiveCfg = Debug|Any CPU
		{A49FF910-8AE1-42F0-8041-EA81B41A8F7C}.Debug|Any CPU.Build.0 = Debug|Any CPU
		{A49FF910-8AE1-42F0-8041-EA81B41A8F7C}.Release|Any CPU.ActiveCfg = Release|Any CPU
		{A49FF910-8AE1-42F0-8041-EA81B41A8F7C}.Release|Any CPU.Build.0 = Release|Any CPU
		{AF1E2434-CD61-4B61-856F-34F88D2FB807}.Debug|Any CPU.ActiveCfg = Debug|Any CPU
		{AF1E2434-CD61-4B61-856F-34F88D2FB807}.Debug|Any CPU.Build.0 = Debug|Any CPU
		{AF1E2434-CD61-4B61-856F-34F88D2FB807}.Release|Any CPU.ActiveCfg = Release|Any CPU
		{AF1E2434-CD61-4B61-856F-34F88D2FB807}.Release|Any CPU.Build.0 = Release|Any CPU
		{83FCB8C4-EF9B-4831-A2D8-A7FB00EF423B}.Debug|Any CPU.ActiveCfg = Debug|Any CPU
		{83FCB8C4-EF9B-4831-A2D8-A7FB00EF423B}.Debug|Any CPU.Build.0 = Debug|Any CPU
		{83FCB8C4-EF9B-4831-A2D8-A7FB00EF423B}.Release|Any CPU.ActiveCfg = Release|Any CPU
		{83FCB8C4-EF9B-4831-A2D8-A7FB00EF423B}.Release|Any CPU.Build.0 = Release|Any CPU
		{71880588-2D2D-45E3-AE35-9189938C77DE}.Debug|Any CPU.ActiveCfg = Debug|Any CPU
		{71880588-2D2D-45E3-AE35-9189938C77DE}.Debug|Any CPU.Build.0 = Debug|Any CPU
		{71880588-2D2D-45E3-AE35-9189938C77DE}.Release|Any CPU.ActiveCfg = Release|Any CPU
		{71880588-2D2D-45E3-AE35-9189938C77DE}.Release|Any CPU.Build.0 = Release|Any CPU
		{3B7AC132-BAFC-432B-A8D2-20E26FB46018}.Debug|Any CPU.ActiveCfg = Debug|Any CPU
		{3B7AC132-BAFC-432B-A8D2-20E26FB46018}.Debug|Any CPU.Build.0 = Debug|Any CPU
		{3B7AC132-BAFC-432B-A8D2-20E26FB46018}.Release|Any CPU.ActiveCfg = Release|Any CPU
		{3B7AC132-BAFC-432B-A8D2-20E26FB46018}.Release|Any CPU.Build.0 = Release|Any CPU
		{D59F4B49-B4B6-404C-9803-7FEB3CC9012D}.Debug|Any CPU.ActiveCfg = Debug|Any CPU
		{D59F4B49-B4B6-404C-9803-7FEB3CC9012D}.Debug|Any CPU.Build.0 = Debug|Any CPU
		{D59F4B49-B4B6-404C-9803-7FEB3CC9012D}.Release|Any CPU.ActiveCfg = Release|Any CPU
		{D59F4B49-B4B6-404C-9803-7FEB3CC9012D}.Release|Any CPU.Build.0 = Release|Any CPU
		{7415304B-AAA1-4728-8C81-31DCD1FC4640}.Debug|Any CPU.ActiveCfg = Debug|Any CPU
		{7415304B-AAA1-4728-8C81-31DCD1FC4640}.Debug|Any CPU.Build.0 = Debug|Any CPU
		{7415304B-AAA1-4728-8C81-31DCD1FC4640}.Release|Any CPU.ActiveCfg = Release|Any CPU
		{7415304B-AAA1-4728-8C81-31DCD1FC4640}.Release|Any CPU.Build.0 = Release|Any CPU
		{2E012409-B70D-4331-B6CC-FC00A765CC66}.Debug|Any CPU.ActiveCfg = Debug|Any CPU
		{2E012409-B70D-4331-B6CC-FC00A765CC66}.Debug|Any CPU.Build.0 = Debug|Any CPU
		{2E012409-B70D-4331-B6CC-FC00A765CC66}.Release|Any CPU.ActiveCfg = Release|Any CPU
		{2E012409-B70D-4331-B6CC-FC00A765CC66}.Release|Any CPU.Build.0 = Release|Any CPU
		{2960B150-9396-4CA4-9CB7-ED909A89580E}.Debug|Any CPU.ActiveCfg = Debug|Any CPU
		{2960B150-9396-4CA4-9CB7-ED909A89580E}.Debug|Any CPU.Build.0 = Debug|Any CPU
		{2960B150-9396-4CA4-9CB7-ED909A89580E}.Release|Any CPU.ActiveCfg = Release|Any CPU
		{2960B150-9396-4CA4-9CB7-ED909A89580E}.Release|Any CPU.Build.0 = Release|Any CPU
		{7FBF2270-08C9-4D3F-87F0-827838703C6E}.Debug|Any CPU.ActiveCfg = Debug|Any CPU
		{7FBF2270-08C9-4D3F-87F0-827838703C6E}.Debug|Any CPU.Build.0 = Debug|Any CPU
		{7FBF2270-08C9-4D3F-87F0-827838703C6E}.Release|Any CPU.ActiveCfg = Release|Any CPU
		{7FBF2270-08C9-4D3F-87F0-827838703C6E}.Release|Any CPU.Build.0 = Release|Any CPU
		{ADA97A09-49F5-433A-AC17-389C0A1EB5E0}.Debug|Any CPU.ActiveCfg = Debug|Any CPU
		{ADA97A09-49F5-433A-AC17-389C0A1EB5E0}.Debug|Any CPU.Build.0 = Debug|Any CPU
		{ADA97A09-49F5-433A-AC17-389C0A1EB5E0}.Release|Any CPU.ActiveCfg = Release|Any CPU
		{ADA97A09-49F5-433A-AC17-389C0A1EB5E0}.Release|Any CPU.Build.0 = Release|Any CPU
	EndGlobalSection
	GlobalSection(SolutionProperties) = preSolution
		HideSolutionNode = FALSE
	EndGlobalSection
	GlobalSection(ExtensibilityGlobals) = postSolution
		SolutionGuid = {D00CBACF-351B-4D72-93DD-72B9494B31B5}
	EndGlobalSection
EndGlobal
